PODS:
  - Alamofire (4.7.3)
  - Alamofire-SwiftyJSON (3.0.0):
    - Alamofire (~> 4.5)
    - SwiftyJSON (~> 4.0.0)
  - AutoInsetter (1.2.6)
  - Crashlytics (3.10.8):
    - Fabric (~> 1.7.12)
  - CVCalendar (1.6.1)
  - DeckTransition (2.1.0)
  - Fabric (1.7.12)
  - Firebase/Core (5.9.0):
    - Firebase/CoreOnly
    - FirebaseAnalytics (= 5.2.0)
  - Firebase/CoreOnly (5.9.0):
    - FirebaseCore (= 5.1.4)
  - FirebaseAnalytics (5.2.0):
    - FirebaseCore (~> 5.1)
    - FirebaseInstanceID (~> 3.2)
    - GoogleAppMeasurement (~> 5.2)
    - GoogleUtilities/AppDelegateSwizzler (~> 5.2)
    - GoogleUtilities/MethodSwizzler (~> 5.2)
    - GoogleUtilities/Network (~> 5.2)
    - "GoogleUtilities/NSData+zlib (~> 5.2)"
    - nanopb (~> 0.3)
  - FirebaseCore (5.1.4):
    - GoogleUtilities/Logger (~> 5.2)
  - FirebaseInstanceID (3.2.2):
    - FirebaseCore (~> 5.1)
    - GoogleUtilities/Environment (~> 5.3)
    - GoogleUtilities/UserDefaults (~> 5.3)
  - GoogleAppMeasurement (5.2.0):
    - GoogleUtilities/AppDelegateSwizzler (~> 5.2)
    - GoogleUtilities/MethodSwizzler (~> 5.2)
    - GoogleUtilities/Network (~> 5.2)
    - "GoogleUtilities/NSData+zlib (~> 5.2)"
    - nanopb (~> 0.3)
  - GoogleUtilities/AppDelegateSwizzler (5.3.0):
    - GoogleUtilities/Environment
    - GoogleUtilities/Logger
    - GoogleUtilities/Network
  - GoogleUtilities/Environment (5.3.0)
  - GoogleUtilities/Logger (5.3.0):
    - GoogleUtilities/Environment
  - GoogleUtilities/MethodSwizzler (5.3.0):
    - GoogleUtilities/Logger
  - GoogleUtilities/Network (5.3.0):
    - GoogleUtilities/Logger
    - "GoogleUtilities/NSData+zlib"
    - GoogleUtilities/Reachability
  - "GoogleUtilities/NSData+zlib (5.3.0)"
  - GoogleUtilities/Reachability (5.3.0):
    - GoogleUtilities/Logger
  - GoogleUtilities/UserDefaults (5.3.0):
    - GoogleUtilities/Logger
  - markymark (7.2.2)
  - nanopb (0.3.8):
    - nanopb/decode (= 0.3.8)
    - nanopb/encode (= 0.3.8)
  - nanopb/decode (0.3.8)
  - nanopb/encode (0.3.8)
  - Pageboy (2.4.0)
  - Realm (3.10.0):
    - Realm/Headers (= 3.10.0)
  - Realm/Headers (3.10.0)
  - RealmSwift (3.10.0):
    - Realm (= 3.10.0)
  - SwiftLint (0.27.0)
  - SwiftyJSON (4.0.0)
  - Tabman (1.6.0):
    - AutoInsetter (~> 1.2.0)
    - Pageboy (~> 2.4.0)
  - TagListView (1.3.1)

DEPENDENCIES:
  - Alamofire (~> 4.6)
  - Alamofire-SwiftyJSON
  - Crashlytics (~> 3.10.0)
  - CVCalendar (~> 1.6.1)
  - DeckTransition (~> 2.0)
  - Fabric (~> 1.7.3)
  - Firebase/Core
  - markymark (from `https://github.com/kindraywind/Marky-Mark.git`)
  - RealmSwift (~> 3.10.0)
  - SwiftLint (~> 0.27.0)
  - SwiftyJSON (~> 4.0.0)
  - Tabman (= 1.6.0)
  - TagListView (from `https://github.com/ElaWorkshop/TagListView.git`, commit `60e799080d`)

SPEC REPOS:
  https://github.com/cocoapods/specs.git:
    - Alamofire
    - Alamofire-SwiftyJSON
    - AutoInsetter
    - Crashlytics
    - CVCalendar
    - DeckTransition
    - Fabric
    - Firebase
    - FirebaseAnalytics
    - FirebaseCore
    - FirebaseInstanceID
    - GoogleAppMeasurement
    - GoogleUtilities
    - nanopb
    - Pageboy
    - Realm
    - RealmSwift
    - SwiftLint
    - SwiftyJSON
    - Tabman

EXTERNAL SOURCES:
  markymark:
    :git: https://github.com/kindraywind/Marky-Mark.git
  TagListView:
    :commit: 60e799080d
    :git: https://github.com/ElaWorkshop/TagListView.git

CHECKOUT OPTIONS:
  markymark:
    :commit: d991c2388695252ddd132208ddecbae3f0192fc6
    :git: https://github.com/kindraywind/Marky-Mark.git
  TagListView:
    :commit: 60e799080d
    :git: https://github.com/ElaWorkshop/TagListView.git

SPEC CHECKSUMS:
  Alamofire: c7287b6e5d7da964a70935e5db17046b7fde6568
  Alamofire-SwiftyJSON: 2b3649d57dc7bb2880fb8b86f8bb969397666916
  AutoInsetter: 3713c857f3c0cc4b6265fe55ecf0c14bfe8622ee
  Crashlytics: 058dc1ba579f6c100bc60a6878703779bff383c4
  CVCalendar: 505c11b11a088b43f159806e791eba1c2540853b
  DeckTransition: ca707456e3d83928c895fed6f458cbf68c5cac84
  Fabric: d7387db9a31aadff63b147a4b91d982c53afaa4f
  Firebase: 383fa29aca93e371cab776b48a5c66544d3c2003
  FirebaseAnalytics: 831f1f127f4a75698e9875a87bf7e2668730d953
  FirebaseCore: 2a84b6b325792a4319ef71ee18819dcba08d2fd7
  FirebaseInstanceID: 78ba376fcd5b94c001f9999b2cbd3d1f1e56e78d
  GoogleAppMeasurement: 2b3a023a61239c8d002e6e4fcf4abce8eddce0e0
  GoogleUtilities: 760ccb53b7c7f40f9c02d8c241f76f841a7a6162
  markymark: 74f98d43f4d655178f80df6efa7023b4a9e9f0f5
  nanopb: 5601e6bca2dbf1ed831b519092ec110f66982ca3
  Pageboy: b04cee5c1315a865fb49321129d12635e8465144
  Realm: 85ab9e4f779d66f6e9ffeb118dc25b7f130c96ac
  RealmSwift: 69121c8b86d0ae005fb779efdb10e606732e1c74
  SwiftLint: 3207c1faa2240bf8973b191820a116113cd11073
  SwiftyJSON: 070dabdcb1beb81b247c65ffa3a79dbbfb3b48aa
  Tabman: a9be97d1c75b4b7f40eec416021f614c4ccbb670
  TagListView: 6dafd34a61021c6db72c0c8e3a044054c9854311

PODFILE CHECKSUM: 5dcbbaadc95597778d3396222145d2f746230e68

COCOAPODS: 1.5.3
