// !$*UTF8*$!
{
	archiveVersion = 1;
	classes = {
	};
	objectVersion = 48;
	objects = {

/* Begin PBXBuildFile section */
		58C61425DC39C549AE99DB5A /* Pods_ThaiTechEventsCalendarUITests.framework in Frameworks */ = {isa = PBXBuildFile; fileRef = 175794C997D66312D244A494 /* Pods_ThaiTechEventsCalendarUITests.framework */; };
		7AD9C244CD05C023A302FED2 /* Pods_ThaiTechEventsCalendar.framework in Frameworks */ = {isa = PBXBuildFile; fileRef = FFB6DBD4FAEDAEFB81B3824D /* Pods_ThaiTechEventsCalendar.framework */; };
		9F0BC95B20412C2600568153 /* EventFeedViewController.swift in Sources */ = {isa = PBXBuildFile; fileRef = 9F0BC95A20412C2600568153 /* EventFeedViewController.swift */; };
		9F1C8D5D20415AE10016E72E /* DateUtils.swift in Sources */ = {isa = PBXBuildFile; fileRef = 9F1C8D5B2041595A0016E72E /* DateUtils.swift */; };
		9F37F6842045B33A00BC26CB /* GoogleService-Info.plist in Resources */ = {isa = PBXBuildFile; fileRef = 9F37F6832045B33A00BC26CB /* GoogleService-Info.plist */; };
		9F37F6882045BA0A00BC26CB /* SnapshotHelper.swift in Sources */ = {isa = PBXBuildFile; fileRef = 9F37F6872045BA0A00BC26CB /* SnapshotHelper.swift */; };
		9F41E9042047F37B00F5AAD3 /* CalendarViewController.swift in Sources */ = {isa = PBXBuildFile; fileRef = 9F41E9032047F37B00F5AAD3 /* CalendarViewController.swift */; };
		9F4CD08A204172AE00528E66 /* EventDetailViewController.swift in Sources */ = {isa = PBXBuildFile; fileRef = 9F4CD089204172AE00528E66 /* EventDetailViewController.swift */; };
		9F4CD08C20417D5D00528E66 /* DetailTableViewCell.swift in Sources */ = {isa = PBXBuildFile; fileRef = 9F4CD08B20417D5D00528E66 /* DetailTableViewCell.swift */; };
		9F4CD08E20419D2200528E66 /* ColorUtils.swift in Sources */ = {isa = PBXBuildFile; fileRef = 9F4CD08D20419D2200528E66 /* ColorUtils.swift */; };
		9F4CD0902041A80600528E66 /* SummaryTableViewCell.swift in Sources */ = {isa = PBXBuildFile; fileRef = 9F4CD08F2041A80600528E66 /* SummaryTableViewCell.swift */; };
		9F4CD0932041B52000528E66 /* EventTableViewCell.swift in Sources */ = {isa = PBXBuildFile; fileRef = 9F4CD0912041B52000528E66 /* EventTableViewCell.swift */; };
		9F4CD0942041B52000528E66 /* EventTableViewCell.xib in Resources */ = {isa = PBXBuildFile; fileRef = 9F4CD0922041B52000528E66 /* EventTableViewCell.xib */; };
		9F4CD0962042563100528E66 /* EventHeaderTableViewCell.swift in Sources */ = {isa = PBXBuildFile; fileRef = 9F4CD0952042563100528E66 /* EventHeaderTableViewCell.swift */; };
		9F4CD09920425BE600528E66 /* Updatable.swift in Sources */ = {isa = PBXBuildFile; fileRef = 9F4CD09820425BE600528E66 /* Updatable.swift */; };
		9F4CD09B20425EC900528E66 /* LinkTableViewCell.swift in Sources */ = {isa = PBXBuildFile; fileRef = 9F4CD09A20425EC900528E66 /* LinkTableViewCell.swift */; };
		9F4CD0A020426B5A00528E66 /* EventTabViewController.swift in Sources */ = {isa = PBXBuildFile; fileRef = 9F4CD09F20426B5A00528E66 /* EventTabViewController.swift */; };
		9F4CD0A52042881A00528E66 /* CalendarAPI.swift in Sources */ = {isa = PBXBuildFile; fileRef = 9F4CD0A42042881A00528E66 /* CalendarAPI.swift */; };
		9F4CD0D22042E33E00528E66 /* CalendarAPITests.swift in Sources */ = {isa = PBXBuildFile; fileRef = 9F4CD0D12042E33D00528E66 /* CalendarAPITests.swift */; };
		9F4CD0D32042E72000528E66 /* calendar.json in Resources */ = {isa = PBXBuildFile; fileRef = 9F4E83BA2041074100CFE046 /* calendar.json */; };
		9F4E83BB2041074100CFE046 /* calendar.json in Resources */ = {isa = PBXBuildFile; fileRef = 9F4E83BA2041074100CFE046 /* calendar.json */; };
		9F4E83BC2041074100CFE046 /* calendar.json in Resources */ = {isa = PBXBuildFile; fileRef = 9F4E83BA2041074100CFE046 /* calendar.json */; };
		9F4E83BF2041255A00CFE046 /* Event.swift in Sources */ = {isa = PBXBuildFile; fileRef = 9F4E83BE2041255A00CFE046 /* Event.swift */; };
		9F5DBCDB20483C8200D85E62 /* TabbarControllerTests.swift in Sources */ = {isa = PBXBuildFile; fileRef = 9F5DBCDA20483C8200D85E62 /* TabbarControllerTests.swift */; };
		9F6059702042F62A00048638 /* EventTabViewControllerTests.swift in Sources */ = {isa = PBXBuildFile; fileRef = 9F60596F2042F62A00048638 /* EventTabViewControllerTests.swift */; };
		9F855D7B204D6E6000F0C927 /* CalendarAPI.swift in Sources */ = {isa = PBXBuildFile; fileRef = 9F4CD0A42042881A00528E66 /* CalendarAPI.swift */; };
		9F855D7C204D6E8E00F0C927 /* Event.swift in Sources */ = {isa = PBXBuildFile; fileRef = 9F4E83BE2041255A00CFE046 /* Event.swift */; };
		9F984D182042F08600B7BC7B /* DateUtilsTests.swift in Sources */ = {isa = PBXBuildFile; fileRef = 9F984D172042F08600B7BC7B /* DateUtilsTests.swift */; };
		9FAA2F8520470C7B0054CCAD /* SettingViewController.swift in Sources */ = {isa = PBXBuildFile; fileRef = 9FAA2F8420470C7B0054CCAD /* SettingViewController.swift */; };
		9FAA2F8720470CC70054CCAD /* Settings.storyboard in Resources */ = {isa = PBXBuildFile; fileRef = 9FAA2F8620470CC60054CCAD /* Settings.storyboard */; };
		9FAA2F8D2047C1580054CCAD /* EventDetailViewControllerTests.swift in Sources */ = {isa = PBXBuildFile; fileRef = 9FAA2F8C2047C1580054CCAD /* EventDetailViewControllerTests.swift */; };
		9FBE38E2204C17A00039DEDE /* SearchViewController.swift in Sources */ = {isa = PBXBuildFile; fileRef = 9FBE38E1204C17A00039DEDE /* SearchViewController.swift */; };
		9FBE38E4204C1B910039DEDE /* Search.storyboard in Resources */ = {isa = PBXBuildFile; fileRef = 9FBE38E3204C19D60039DEDE /* Search.storyboard */; };
		9FBE38E5204C1DC00039DEDE /* Calendar.storyboard in Resources */ = {isa = PBXBuildFile; fileRef = 9F41E9012047ECF700F5AAD3 /* Calendar.storyboard */; };
		9FBE38EC204D69310039DEDE /* NotificationCenter.framework in Frameworks */ = {isa = PBXBuildFile; fileRef = 9FBE38EB204D69310039DEDE /* NotificationCenter.framework */; };
		9FBE38EF204D69310039DEDE /* TodayViewController.swift in Sources */ = {isa = PBXBuildFile; fileRef = 9FBE38EE204D69310039DEDE /* TodayViewController.swift */; };
		9FBE38F2204D69310039DEDE /* MainInterface.storyboard in Resources */ = {isa = PBXBuildFile; fileRef = 9FBE38F0204D69310039DEDE /* MainInterface.storyboard */; };
		9FBE38F6204D69310039DEDE /* TT Widget.appex in Embed App Extensions */ = {isa = PBXBuildFile; fileRef = 9FBE38EA204D69310039DEDE /* TT Widget.appex */; settings = {ATTRIBUTES = (RemoveHeadersOnCopy, ); }; };
		9FF541D02047D45800659A0B /* EventDetail.storyboard in Resources */ = {isa = PBXBuildFile; fileRef = 9FF541CF2047D45700659A0B /* EventDetail.storyboard */; };
		9FFAF9D720410338000A99FE /* AppDelegate.swift in Sources */ = {isa = PBXBuildFile; fileRef = 9FFAF9D620410338000A99FE /* AppDelegate.swift */; };
		9FFAF9DC20410338000A99FE /* Main.storyboard in Resources */ = {isa = PBXBuildFile; fileRef = 9FFAF9DA20410338000A99FE /* Main.storyboard */; };
		9FFAF9DE20410338000A99FE /* Assets.xcassets in Resources */ = {isa = PBXBuildFile; fileRef = 9FFAF9DD20410338000A99FE /* Assets.xcassets */; };
		9FFAF9E120410338000A99FE /* LaunchScreen.storyboard in Resources */ = {isa = PBXBuildFile; fileRef = 9FFAF9DF20410338000A99FE /* LaunchScreen.storyboard */; };
		9FFAF9EC20410338000A99FE /* ThaiTechEventsCalendarTests.swift in Sources */ = {isa = PBXBuildFile; fileRef = 9FFAF9EB20410338000A99FE /* ThaiTechEventsCalendarTests.swift */; };
		9FFAF9F720410338000A99FE /* EventFeedViewControllerTests.swift in Sources */ = {isa = PBXBuildFile; fileRef = 9FFAF9F620410338000A99FE /* EventFeedViewControllerTests.swift */; };
		E5EADD053E172D6CDC183F1A /* Pods_TT_Widget.framework in Frameworks */ = {isa = PBXBuildFile; fileRef = F76D6E9E8A0A8F12FD21D4EF /* Pods_TT_Widget.framework */; };
		E935F3C420455B8B0087638A /* NSAttributedStringExtensionsTests.swift in Sources */ = {isa = PBXBuildFile; fileRef = E935F3C320455B8B0087638A /* NSAttributedStringExtensionsTests.swift */; };
		E9A7B5E3204540CD002345B7 /* NSAttributedStringExtensions.swift in Sources */ = {isa = PBXBuildFile; fileRef = E9A7B5E2204540CD002345B7 /* NSAttributedStringExtensions.swift */; };
		F00AF86568834E1FEB350DC6 /* Pods_ThaiTechEventsCalendarTests.framework in Frameworks */ = {isa = PBXBuildFile; fileRef = C5EAE1EE5FAA4624FE904C96 /* Pods_ThaiTechEventsCalendarTests.framework */; };
/* End PBXBuildFile section */

/* Begin PBXContainerItemProxy section */
		9FBE38F4204D69310039DEDE /* PBXContainerItemProxy */ = {
			isa = PBXContainerItemProxy;
			containerPortal = 9FFAF9CB20410337000A99FE /* Project object */;
			proxyType = 1;
			remoteGlobalIDString = 9FBE38E9204D69310039DEDE;
			remoteInfo = "TT Widget";
		};
		9FFAF9E820410338000A99FE /* PBXContainerItemProxy */ = {
			isa = PBXContainerItemProxy;
			containerPortal = 9FFAF9CB20410337000A99FE /* Project object */;
			proxyType = 1;
			remoteGlobalIDString = 9FFAF9D220410337000A99FE;
			remoteInfo = ThaiTechEventsCalendar;
		};
		9FFAF9F320410338000A99FE /* PBXContainerItemProxy */ = {
			isa = PBXContainerItemProxy;
			containerPortal = 9FFAF9CB20410337000A99FE /* Project object */;
			proxyType = 1;
			remoteGlobalIDString = 9FFAF9D220410337000A99FE;
			remoteInfo = ThaiTechEventsCalendar;
		};
/* End PBXContainerItemProxy section */

/* Begin PBXCopyFilesBuildPhase section */
		9FBE38FA204D69310039DEDE /* Embed App Extensions */ = {
			isa = PBXCopyFilesBuildPhase;
			buildActionMask = 2147483647;
			dstPath = "";
			dstSubfolderSpec = 13;
			files = (
				9FBE38F6204D69310039DEDE /* TT Widget.appex in Embed App Extensions */,
			);
			name = "Embed App Extensions";
			runOnlyForDeploymentPostprocessing = 0;
		};
/* End PBXCopyFilesBuildPhase section */

/* Begin PBXFileReference section */
		104A3243EA9F5766AC544743 /* Pods-ThaiTechEventsCalendar-TT Widget.debug.xcconfig */ = {isa = PBXFileReference; includeInIndex = 1; lastKnownFileType = text.xcconfig; name = "Pods-ThaiTechEventsCalendar-TT Widget.debug.xcconfig"; path = "Pods/Target Support Files/Pods-ThaiTechEventsCalendar-TT Widget/Pods-ThaiTechEventsCalendar-TT Widget.debug.xcconfig"; sourceTree = "<group>"; };
		125CA02BDC9B95E3646679BA /* Pods-ThaiTechEventsCalendarUITests.debug.xcconfig */ = {isa = PBXFileReference; includeInIndex = 1; lastKnownFileType = text.xcconfig; name = "Pods-ThaiTechEventsCalendarUITests.debug.xcconfig"; path = "Pods/Target Support Files/Pods-ThaiTechEventsCalendarUITests/Pods-ThaiTechEventsCalendarUITests.debug.xcconfig"; sourceTree = "<group>"; };
		175794C997D66312D244A494 /* Pods_ThaiTechEventsCalendarUITests.framework */ = {isa = PBXFileReference; explicitFileType = wrapper.framework; includeInIndex = 0; path = Pods_ThaiTechEventsCalendarUITests.framework; sourceTree = BUILT_PRODUCTS_DIR; };
		379B0BE05E83DEB6CB62E1F6 /* Pods-ThaiTechEventsCalendarTests.debug.xcconfig */ = {isa = PBXFileReference; includeInIndex = 1; lastKnownFileType = text.xcconfig; name = "Pods-ThaiTechEventsCalendarTests.debug.xcconfig"; path = "Pods/Target Support Files/Pods-ThaiTechEventsCalendarTests/Pods-ThaiTechEventsCalendarTests.debug.xcconfig"; sourceTree = "<group>"; };
		3AD3668D698FDEEFEE49A8D9 /* Pods-ThaiTechEventsCalendar-TT Widget.release.xcconfig */ = {isa = PBXFileReference; includeInIndex = 1; lastKnownFileType = text.xcconfig; name = "Pods-ThaiTechEventsCalendar-TT Widget.release.xcconfig"; path = "Pods/Target Support Files/Pods-ThaiTechEventsCalendar-TT Widget/Pods-ThaiTechEventsCalendar-TT Widget.release.xcconfig"; sourceTree = "<group>"; };
		63621FA63788ABDBFE5F4EA5 /* Pods-ThaiTechEventsCalendar.release.xcconfig */ = {isa = PBXFileReference; includeInIndex = 1; lastKnownFileType = text.xcconfig; name = "Pods-ThaiTechEventsCalendar.release.xcconfig"; path = "Pods/Target Support Files/Pods-ThaiTechEventsCalendar/Pods-ThaiTechEventsCalendar.release.xcconfig"; sourceTree = "<group>"; };
		986ABCB2BBC6BC4FA275EE68 /* Pods-ThaiTechEventsCalendar.debug.xcconfig */ = {isa = PBXFileReference; includeInIndex = 1; lastKnownFileType = text.xcconfig; name = "Pods-ThaiTechEventsCalendar.debug.xcconfig"; path = "Pods/Target Support Files/Pods-ThaiTechEventsCalendar/Pods-ThaiTechEventsCalendar.debug.xcconfig"; sourceTree = "<group>"; };
		989E7C4A92DDEC70F4E8C190 /* Pods-TT Widget.release.xcconfig */ = {isa = PBXFileReference; includeInIndex = 1; lastKnownFileType = text.xcconfig; name = "Pods-TT Widget.release.xcconfig"; path = "Pods/Target Support Files/Pods-TT Widget/Pods-TT Widget.release.xcconfig"; sourceTree = "<group>"; };
		9D44A6EA160339593C6DDCB4 /* Pods-ThaiTechEventsCalendarUITests.release.xcconfig */ = {isa = PBXFileReference; includeInIndex = 1; lastKnownFileType = text.xcconfig; name = "Pods-ThaiTechEventsCalendarUITests.release.xcconfig"; path = "Pods/Target Support Files/Pods-ThaiTechEventsCalendarUITests/Pods-ThaiTechEventsCalendarUITests.release.xcconfig"; sourceTree = "<group>"; };
		9F0BC95A20412C2600568153 /* EventFeedViewController.swift */ = {isa = PBXFileReference; lastKnownFileType = sourcecode.swift; path = EventFeedViewController.swift; sourceTree = "<group>"; };
		9F1C8D5B2041595A0016E72E /* DateUtils.swift */ = {isa = PBXFileReference; lastKnownFileType = sourcecode.swift; path = DateUtils.swift; sourceTree = "<group>"; };
		9F37F6832045B33A00BC26CB /* GoogleService-Info.plist */ = {isa = PBXFileReference; fileEncoding = 4; lastKnownFileType = text.plist.xml; path = "GoogleService-Info.plist"; sourceTree = "<group>"; };
		9F37F6872045BA0A00BC26CB /* SnapshotHelper.swift */ = {isa = PBXFileReference; lastKnownFileType = sourcecode.swift; path = SnapshotHelper.swift; sourceTree = "<group>"; };
		9F41E9012047ECF700F5AAD3 /* Calendar.storyboard */ = {isa = PBXFileReference; fileEncoding = 4; lastKnownFileType = file.storyboard; path = Calendar.storyboard; sourceTree = "<group>"; };
		9F41E9032047F37B00F5AAD3 /* CalendarViewController.swift */ = {isa = PBXFileReference; lastKnownFileType = sourcecode.swift; path = CalendarViewController.swift; sourceTree = "<group>"; };
		9F4CD089204172AE00528E66 /* EventDetailViewController.swift */ = {isa = PBXFileReference; lastKnownFileType = sourcecode.swift; path = EventDetailViewController.swift; sourceTree = "<group>"; };
		9F4CD08B20417D5D00528E66 /* DetailTableViewCell.swift */ = {isa = PBXFileReference; lastKnownFileType = sourcecode.swift; path = DetailTableViewCell.swift; sourceTree = "<group>"; };
		9F4CD08D20419D2200528E66 /* ColorUtils.swift */ = {isa = PBXFileReference; lastKnownFileType = sourcecode.swift; path = ColorUtils.swift; sourceTree = "<group>"; };
		9F4CD08F2041A80600528E66 /* SummaryTableViewCell.swift */ = {isa = PBXFileReference; lastKnownFileType = sourcecode.swift; path = SummaryTableViewCell.swift; sourceTree = "<group>"; };
		9F4CD0912041B52000528E66 /* EventTableViewCell.swift */ = {isa = PBXFileReference; lastKnownFileType = sourcecode.swift; path = EventTableViewCell.swift; sourceTree = "<group>"; };
		9F4CD0922041B52000528E66 /* EventTableViewCell.xib */ = {isa = PBXFileReference; lastKnownFileType = file.xib; path = EventTableViewCell.xib; sourceTree = "<group>"; };
		9F4CD0952042563100528E66 /* EventHeaderTableViewCell.swift */ = {isa = PBXFileReference; lastKnownFileType = sourcecode.swift; path = EventHeaderTableViewCell.swift; sourceTree = "<group>"; };
		9F4CD09820425BE600528E66 /* Updatable.swift */ = {isa = PBXFileReference; lastKnownFileType = sourcecode.swift; path = Updatable.swift; sourceTree = "<group>"; };
		9F4CD09A20425EC900528E66 /* LinkTableViewCell.swift */ = {isa = PBXFileReference; lastKnownFileType = sourcecode.swift; path = LinkTableViewCell.swift; sourceTree = "<group>"; };
		9F4CD09F20426B5A00528E66 /* EventTabViewController.swift */ = {isa = PBXFileReference; lastKnownFileType = sourcecode.swift; path = EventTabViewController.swift; sourceTree = "<group>"; };
		9F4CD0A42042881A00528E66 /* CalendarAPI.swift */ = {isa = PBXFileReference; lastKnownFileType = sourcecode.swift; path = CalendarAPI.swift; sourceTree = "<group>"; };
		9F4CD0D12042E33D00528E66 /* CalendarAPITests.swift */ = {isa = PBXFileReference; lastKnownFileType = sourcecode.swift; path = CalendarAPITests.swift; sourceTree = "<group>"; };
		9F4E83BA2041074100CFE046 /* calendar.json */ = {isa = PBXFileReference; fileEncoding = 4; lastKnownFileType = text.json; path = calendar.json; sourceTree = "<group>"; };
		9F4E83BE2041255A00CFE046 /* Event.swift */ = {isa = PBXFileReference; lastKnownFileType = sourcecode.swift; path = Event.swift; sourceTree = "<group>"; };
		9F5DBCDA20483C8200D85E62 /* TabbarControllerTests.swift */ = {isa = PBXFileReference; lastKnownFileType = sourcecode.swift; path = TabbarControllerTests.swift; sourceTree = "<group>"; };
		9F60596F2042F62A00048638 /* EventTabViewControllerTests.swift */ = {isa = PBXFileReference; lastKnownFileType = sourcecode.swift; path = EventTabViewControllerTests.swift; sourceTree = "<group>"; };
		9F6AE541204D76F40029C6D8 /* TT Widget.entitlements */ = {isa = PBXFileReference; lastKnownFileType = text.plist.entitlements; path = "TT Widget.entitlements"; sourceTree = "<group>"; };
		9F984D172042F08600B7BC7B /* DateUtilsTests.swift */ = {isa = PBXFileReference; lastKnownFileType = sourcecode.swift; path = DateUtilsTests.swift; sourceTree = "<group>"; };
		9FAA2F8420470C7B0054CCAD /* SettingViewController.swift */ = {isa = PBXFileReference; lastKnownFileType = sourcecode.swift; path = SettingViewController.swift; sourceTree = "<group>"; };
		9FAA2F8620470CC60054CCAD /* Settings.storyboard */ = {isa = PBXFileReference; fileEncoding = 4; lastKnownFileType = file.storyboard; path = Settings.storyboard; sourceTree = "<group>"; };
		9FAA2F8C2047C1580054CCAD /* EventDetailViewControllerTests.swift */ = {isa = PBXFileReference; lastKnownFileType = sourcecode.swift; path = EventDetailViewControllerTests.swift; sourceTree = "<group>"; };
		9FBE38E0204C15B30039DEDE /* ThaiTechEventsCalendar.entitlements */ = {isa = PBXFileReference; lastKnownFileType = text.plist.entitlements; path = ThaiTechEventsCalendar.entitlements; sourceTree = "<group>"; };
		9FBE38E1204C17A00039DEDE /* SearchViewController.swift */ = {isa = PBXFileReference; lastKnownFileType = sourcecode.swift; path = SearchViewController.swift; sourceTree = "<group>"; };
		9FBE38E3204C19D60039DEDE /* Search.storyboard */ = {isa = PBXFileReference; lastKnownFileType = file.storyboard; name = Search.storyboard; path = /Users/woramet/Documents/myProj/ThaiTechEventsCalendar/ThaiTechEventsCalendar/Storyboards/Search.storyboard; sourceTree = "<absolute>"; };
		9FBE38EA204D69310039DEDE /* TT Widget.appex */ = {isa = PBXFileReference; explicitFileType = "wrapper.app-extension"; includeInIndex = 0; path = "TT Widget.appex"; sourceTree = BUILT_PRODUCTS_DIR; };
		9FBE38EB204D69310039DEDE /* NotificationCenter.framework */ = {isa = PBXFileReference; lastKnownFileType = wrapper.framework; name = NotificationCenter.framework; path = System/Library/Frameworks/NotificationCenter.framework; sourceTree = SDKROOT; };
		9FBE38EE204D69310039DEDE /* TodayViewController.swift */ = {isa = PBXFileReference; lastKnownFileType = sourcecode.swift; path = TodayViewController.swift; sourceTree = "<group>"; };
		9FBE38F1204D69310039DEDE /* Base */ = {isa = PBXFileReference; lastKnownFileType = file.storyboard; name = Base; path = Base.lproj/MainInterface.storyboard; sourceTree = "<group>"; };
		9FBE38F3204D69310039DEDE /* Info.plist */ = {isa = PBXFileReference; lastKnownFileType = text.plist.xml; path = Info.plist; sourceTree = "<group>"; };
		9FF541CF2047D45700659A0B /* EventDetail.storyboard */ = {isa = PBXFileReference; fileEncoding = 4; lastKnownFileType = file.storyboard; path = EventDetail.storyboard; sourceTree = "<group>"; };
		9FFAF9D320410337000A99FE /* ThaiTechEventsCalendar.app */ = {isa = PBXFileReference; explicitFileType = wrapper.application; includeInIndex = 0; path = ThaiTechEventsCalendar.app; sourceTree = BUILT_PRODUCTS_DIR; };
		9FFAF9D620410338000A99FE /* AppDelegate.swift */ = {isa = PBXFileReference; lastKnownFileType = sourcecode.swift; path = AppDelegate.swift; sourceTree = "<group>"; };
		9FFAF9DB20410338000A99FE /* Base */ = {isa = PBXFileReference; lastKnownFileType = file.storyboard; name = Base; path = Base.lproj/Main.storyboard; sourceTree = "<group>"; };
		9FFAF9DD20410338000A99FE /* Assets.xcassets */ = {isa = PBXFileReference; lastKnownFileType = folder.assetcatalog; path = Assets.xcassets; sourceTree = "<group>"; };
		9FFAF9E020410338000A99FE /* Base */ = {isa = PBXFileReference; lastKnownFileType = file.storyboard; name = Base; path = Base.lproj/LaunchScreen.storyboard; sourceTree = "<group>"; };
		9FFAF9E220410338000A99FE /* Info.plist */ = {isa = PBXFileReference; lastKnownFileType = text.plist.xml; path = Info.plist; sourceTree = "<group>"; };
		9FFAF9E720410338000A99FE /* ThaiTechEventsCalendarTests.xctest */ = {isa = PBXFileReference; explicitFileType = wrapper.cfbundle; includeInIndex = 0; path = ThaiTechEventsCalendarTests.xctest; sourceTree = BUILT_PRODUCTS_DIR; };
		9FFAF9EB20410338000A99FE /* ThaiTechEventsCalendarTests.swift */ = {isa = PBXFileReference; lastKnownFileType = sourcecode.swift; path = ThaiTechEventsCalendarTests.swift; sourceTree = "<group>"; };
		9FFAF9ED20410338000A99FE /* Info.plist */ = {isa = PBXFileReference; lastKnownFileType = text.plist.xml; path = Info.plist; sourceTree = "<group>"; };
		9FFAF9F220410338000A99FE /* ThaiTechEventsCalendarUITests.xctest */ = {isa = PBXFileReference; explicitFileType = wrapper.cfbundle; includeInIndex = 0; path = ThaiTechEventsCalendarUITests.xctest; sourceTree = BUILT_PRODUCTS_DIR; };
		9FFAF9F620410338000A99FE /* EventFeedViewControllerTests.swift */ = {isa = PBXFileReference; lastKnownFileType = sourcecode.swift; path = EventFeedViewControllerTests.swift; sourceTree = "<group>"; };
		9FFAF9F820410338000A99FE /* Info.plist */ = {isa = PBXFileReference; lastKnownFileType = text.plist.xml; path = Info.plist; sourceTree = "<group>"; };
		A72A37BC968FFB57CD54E378 /* Pods-ThaiTechEventsCalendarTests.release.xcconfig */ = {isa = PBXFileReference; includeInIndex = 1; lastKnownFileType = text.xcconfig; name = "Pods-ThaiTechEventsCalendarTests.release.xcconfig"; path = "Pods/Target Support Files/Pods-ThaiTechEventsCalendarTests/Pods-ThaiTechEventsCalendarTests.release.xcconfig"; sourceTree = "<group>"; };
		C31B286E977851E63CDFA326 /* Pods_ThaiTechEventsCalendar_TT_Widget.framework */ = {isa = PBXFileReference; explicitFileType = wrapper.framework; includeInIndex = 0; path = Pods_ThaiTechEventsCalendar_TT_Widget.framework; sourceTree = BUILT_PRODUCTS_DIR; };
		C5EAE1EE5FAA4624FE904C96 /* Pods_ThaiTechEventsCalendarTests.framework */ = {isa = PBXFileReference; explicitFileType = wrapper.framework; includeInIndex = 0; path = Pods_ThaiTechEventsCalendarTests.framework; sourceTree = BUILT_PRODUCTS_DIR; };
		E105D6ED5D11EEF1887E5213 /* Pods-TT Widget.debug.xcconfig */ = {isa = PBXFileReference; includeInIndex = 1; lastKnownFileType = text.xcconfig; name = "Pods-TT Widget.debug.xcconfig"; path = "Pods/Target Support Files/Pods-TT Widget/Pods-TT Widget.debug.xcconfig"; sourceTree = "<group>"; };
		E935F3C320455B8B0087638A /* NSAttributedStringExtensionsTests.swift */ = {isa = PBXFileReference; lastKnownFileType = sourcecode.swift; path = NSAttributedStringExtensionsTests.swift; sourceTree = "<group>"; };
		E9A7B5E2204540CD002345B7 /* NSAttributedStringExtensions.swift */ = {isa = PBXFileReference; lastKnownFileType = sourcecode.swift; path = NSAttributedStringExtensions.swift; sourceTree = "<group>"; };
		F76D6E9E8A0A8F12FD21D4EF /* Pods_TT_Widget.framework */ = {isa = PBXFileReference; explicitFileType = wrapper.framework; includeInIndex = 0; path = Pods_TT_Widget.framework; sourceTree = BUILT_PRODUCTS_DIR; };
		FFB6DBD4FAEDAEFB81B3824D /* Pods_ThaiTechEventsCalendar.framework */ = {isa = PBXFileReference; explicitFileType = wrapper.framework; includeInIndex = 0; path = Pods_ThaiTechEventsCalendar.framework; sourceTree = BUILT_PRODUCTS_DIR; };
/* End PBXFileReference section */

/* Begin PBXFrameworksBuildPhase section */
		9FBE38E7204D69310039DEDE /* Frameworks */ = {
			isa = PBXFrameworksBuildPhase;
			buildActionMask = 2147483647;
			files = (
				9FBE38EC204D69310039DEDE /* NotificationCenter.framework in Frameworks */,
				E5EADD053E172D6CDC183F1A /* Pods_TT_Widget.framework in Frameworks */,
			);
			runOnlyForDeploymentPostprocessing = 0;
		};
		9FFAF9D020410337000A99FE /* Frameworks */ = {
			isa = PBXFrameworksBuildPhase;
			buildActionMask = 2147483647;
			files = (
				7AD9C244CD05C023A302FED2 /* Pods_ThaiTechEventsCalendar.framework in Frameworks */,
			);
			runOnlyForDeploymentPostprocessing = 0;
		};
		9FFAF9E420410338000A99FE /* Frameworks */ = {
			isa = PBXFrameworksBuildPhase;
			buildActionMask = 2147483647;
			files = (
				F00AF86568834E1FEB350DC6 /* Pods_ThaiTechEventsCalendarTests.framework in Frameworks */,
			);
			runOnlyForDeploymentPostprocessing = 0;
		};
		9FFAF9EF20410338000A99FE /* Frameworks */ = {
			isa = PBXFrameworksBuildPhase;
			buildActionMask = 2147483647;
			files = (
				58C61425DC39C549AE99DB5A /* Pods_ThaiTechEventsCalendarUITests.framework in Frameworks */,
			);
			runOnlyForDeploymentPostprocessing = 0;
		};
/* End PBXFrameworksBuildPhase section */

/* Begin PBXGroup section */
		6EDAC53510CCB1E500653530 /* Pods */ = {
			isa = PBXGroup;
			children = (
				986ABCB2BBC6BC4FA275EE68 /* Pods-ThaiTechEventsCalendar.debug.xcconfig */,
				63621FA63788ABDBFE5F4EA5 /* Pods-ThaiTechEventsCalendar.release.xcconfig */,
				379B0BE05E83DEB6CB62E1F6 /* Pods-ThaiTechEventsCalendarTests.debug.xcconfig */,
				A72A37BC968FFB57CD54E378 /* Pods-ThaiTechEventsCalendarTests.release.xcconfig */,
				125CA02BDC9B95E3646679BA /* Pods-ThaiTechEventsCalendarUITests.debug.xcconfig */,
				9D44A6EA160339593C6DDCB4 /* Pods-ThaiTechEventsCalendarUITests.release.xcconfig */,
				104A3243EA9F5766AC544743 /* Pods-ThaiTechEventsCalendar-TT Widget.debug.xcconfig */,
				3AD3668D698FDEEFEE49A8D9 /* Pods-ThaiTechEventsCalendar-TT Widget.release.xcconfig */,
				E105D6ED5D11EEF1887E5213 /* Pods-TT Widget.debug.xcconfig */,
				989E7C4A92DDEC70F4E8C190 /* Pods-TT Widget.release.xcconfig */,
			);
			name = Pods;
			sourceTree = "<group>";
		};
		9F0BC95920412C0F00568153 /* ViewControllers */ = {
			isa = PBXGroup;
			children = (
				9F0BC95A20412C2600568153 /* EventFeedViewController.swift */,
				9F4CD089204172AE00528E66 /* EventDetailViewController.swift */,
				9F4CD09F20426B5A00528E66 /* EventTabViewController.swift */,
				9FAA2F8420470C7B0054CCAD /* SettingViewController.swift */,
				9F41E9032047F37B00F5AAD3 /* CalendarViewController.swift */,
				9FBE38E1204C17A00039DEDE /* SearchViewController.swift */,
			);
			path = ViewControllers;
			sourceTree = "<group>";
		};
		9F0BC95C20412CA600568153 /* Views */ = {
			isa = PBXGroup;
			children = (
				9F0BC95D20412CB000568153 /* Cells */,
			);
			path = Views;
			sourceTree = "<group>";
		};
		9F0BC95D20412CB000568153 /* Cells */ = {
			isa = PBXGroup;
			children = (
				9F4CD08B20417D5D00528E66 /* DetailTableViewCell.swift */,
				9F4CD08F2041A80600528E66 /* SummaryTableViewCell.swift */,
				9F4CD0912041B52000528E66 /* EventTableViewCell.swift */,
				9F4CD0922041B52000528E66 /* EventTableViewCell.xib */,
				9F4CD0952042563100528E66 /* EventHeaderTableViewCell.swift */,
				9F4CD09A20425EC900528E66 /* LinkTableViewCell.swift */,
			);
			path = Cells;
			sourceTree = "<group>";
		};
		9F1C8D5A204159460016E72E /* Utils */ = {
			isa = PBXGroup;
			children = (
				9F1C8D5B2041595A0016E72E /* DateUtils.swift */,
				9F4CD08D20419D2200528E66 /* ColorUtils.swift */,
				E9A7B5E2204540CD002345B7 /* NSAttributedStringExtensions.swift */,
			);
			path = Utils;
			sourceTree = "<group>";
		};
		9F37F6852045B34300BC26CB /* Storyboards */ = {
			isa = PBXGroup;
			children = (
				9FBE38E3204C19D60039DEDE /* Search.storyboard */,
				9F41E9012047ECF700F5AAD3 /* Calendar.storyboard */,
				9FF541CF2047D45700659A0B /* EventDetail.storyboard */,
				9FAA2F8620470CC60054CCAD /* Settings.storyboard */,
				9FFAF9DA20410338000A99FE /* Main.storyboard */,
				9FFAF9DF20410338000A99FE /* LaunchScreen.storyboard */,
			);
			path = Storyboards;
			sourceTree = "<group>";
		};
		9F4CD09720425BD300528E66 /* Protocols */ = {
			isa = PBXGroup;
			children = (
				9F4CD09820425BE600528E66 /* Updatable.swift */,
			);
			path = Protocols;
			sourceTree = "<group>";
		};
		9F4CD0A3204284A100528E66 /* Networks */ = {
			isa = PBXGroup;
			children = (
				9F4CD0A42042881A00528E66 /* CalendarAPI.swift */,
			);
			path = Networks;
			sourceTree = "<group>";
		};
		9F4E83BD2041087900CFE046 /* Models */ = {
			isa = PBXGroup;
			children = (
				9F4E83BE2041255A00CFE046 /* Event.swift */,
			);
			path = Models;
			sourceTree = "<group>";
		};
		9FBE38ED204D69310039DEDE /* TT Widget */ = {
			isa = PBXGroup;
			children = (
				9F6AE541204D76F40029C6D8 /* TT Widget.entitlements */,
				9FBE38EE204D69310039DEDE /* TodayViewController.swift */,
				9FBE38F0204D69310039DEDE /* MainInterface.storyboard */,
				9FBE38F3204D69310039DEDE /* Info.plist */,
			);
			path = "TT Widget";
			sourceTree = "<group>";
		};
		9FFAF9CA20410337000A99FE = {
			isa = PBXGroup;
			children = (
				9F4E83BA2041074100CFE046 /* calendar.json */,
				9FFAF9D520410337000A99FE /* ThaiTechEventsCalendar */,
				9FFAF9EA20410338000A99FE /* ThaiTechEventsCalendarTests */,
				9FFAF9F520410338000A99FE /* ThaiTechEventsCalendarUITests */,
				9FBE38ED204D69310039DEDE /* TT Widget */,
				9FFAF9D420410337000A99FE /* Products */,
				6EDAC53510CCB1E500653530 /* Pods */,
				ECBC62D505D656F021711FC8 /* Frameworks */,
			);
			sourceTree = "<group>";
		};
		9FFAF9D420410337000A99FE /* Products */ = {
			isa = PBXGroup;
			children = (
				9FFAF9D320410337000A99FE /* ThaiTechEventsCalendar.app */,
				9FFAF9E720410338000A99FE /* ThaiTechEventsCalendarTests.xctest */,
				9FFAF9F220410338000A99FE /* ThaiTechEventsCalendarUITests.xctest */,
				9FBE38EA204D69310039DEDE /* TT Widget.appex */,
			);
			name = Products;
			sourceTree = "<group>";
		};
		9FFAF9D520410337000A99FE /* ThaiTechEventsCalendar */ = {
			isa = PBXGroup;
			children = (
				9FBE38E0204C15B30039DEDE /* ThaiTechEventsCalendar.entitlements */,
				9F37F6852045B34300BC26CB /* Storyboards */,
				9F4CD0A3204284A100528E66 /* Networks */,
				9F4CD09720425BD300528E66 /* Protocols */,
				9F1C8D5A204159460016E72E /* Utils */,
				9F0BC95C20412CA600568153 /* Views */,
				9F0BC95920412C0F00568153 /* ViewControllers */,
				9F4E83BD2041087900CFE046 /* Models */,
				9FFAF9D620410338000A99FE /* AppDelegate.swift */,
				9FFAF9DD20410338000A99FE /* Assets.xcassets */,
				9F37F6832045B33A00BC26CB /* GoogleService-Info.plist */,
				9FFAF9E220410338000A99FE /* Info.plist */,
			);
			path = ThaiTechEventsCalendar;
			sourceTree = "<group>";
		};
		9FFAF9EA20410338000A99FE /* ThaiTechEventsCalendarTests */ = {
			isa = PBXGroup;
			children = (
				9FFAF9ED20410338000A99FE /* Info.plist */,
				9FFAF9EB20410338000A99FE /* ThaiTechEventsCalendarTests.swift */,
				9F4CD0D12042E33D00528E66 /* CalendarAPITests.swift */,
				9F984D172042F08600B7BC7B /* DateUtilsTests.swift */,
				E935F3C320455B8B0087638A /* NSAttributedStringExtensionsTests.swift */,
			);
			path = ThaiTechEventsCalendarTests;
			sourceTree = "<group>";
		};
		9FFAF9F520410338000A99FE /* ThaiTechEventsCalendarUITests */ = {
			isa = PBXGroup;
			children = (
				9FFAF9F820410338000A99FE /* Info.plist */,
				9FFAF9F620410338000A99FE /* EventFeedViewControllerTests.swift */,
				9F60596F2042F62A00048638 /* EventTabViewControllerTests.swift */,
				9F37F6872045BA0A00BC26CB /* SnapshotHelper.swift */,
				9FAA2F8C2047C1580054CCAD /* EventDetailViewControllerTests.swift */,
				9F5DBCDA20483C8200D85E62 /* TabbarControllerTests.swift */,
			);
			path = ThaiTechEventsCalendarUITests;
			sourceTree = "<group>";
		};
		ECBC62D505D656F021711FC8 /* Frameworks */ = {
			isa = PBXGroup;
			children = (
				FFB6DBD4FAEDAEFB81B3824D /* Pods_ThaiTechEventsCalendar.framework */,
				C5EAE1EE5FAA4624FE904C96 /* Pods_ThaiTechEventsCalendarTests.framework */,
				175794C997D66312D244A494 /* Pods_ThaiTechEventsCalendarUITests.framework */,
				9FBE38EB204D69310039DEDE /* NotificationCenter.framework */,
				C31B286E977851E63CDFA326 /* Pods_ThaiTechEventsCalendar_TT_Widget.framework */,
				F76D6E9E8A0A8F12FD21D4EF /* Pods_TT_Widget.framework */,
			);
			name = Frameworks;
			sourceTree = "<group>";
		};
/* End PBXGroup section */

/* Begin PBXNativeTarget section */
		9FBE38E9204D69310039DEDE /* TT Widget */ = {
			isa = PBXNativeTarget;
			buildConfigurationList = 9FBE38F7204D69310039DEDE /* Build configuration list for PBXNativeTarget "TT Widget" */;
			buildPhases = (
				BB4C91F3982BA3419B8E222C /* [CP] Check Pods Manifest.lock */,
				9FBE38E6204D69310039DEDE /* Sources */,
				9FBE38E7204D69310039DEDE /* Frameworks */,
				9FBE38E8204D69310039DEDE /* Resources */,
				FA9424260FA9F1E303B03377 /* [CP] Copy Pods Resources */,
			);
			buildRules = (
			);
			dependencies = (
			);
			name = "TT Widget";
			productName = "TT Widget";
			productReference = 9FBE38EA204D69310039DEDE /* TT Widget.appex */;
			productType = "com.apple.product-type.app-extension";
		};
		9FFAF9D220410337000A99FE /* ThaiTechEventsCalendar */ = {
			isa = PBXNativeTarget;
			buildConfigurationList = 9FFAF9FB20410338000A99FE /* Build configuration list for PBXNativeTarget "ThaiTechEventsCalendar" */;
			buildPhases = (
				701D202689BF42374174EC55 /* [CP] Check Pods Manifest.lock */,
				9FB86CC3204126120090803F /* SwiftLint */,
				9F37F6862045B47400BC26CB /* FabricRun */,
				9FFAF9CF20410337000A99FE /* Sources */,
				9FFAF9D020410337000A99FE /* Frameworks */,
				9FFAF9D120410337000A99FE /* Resources */,
				C3529D69B1B119A181E46979 /* [CP] Embed Pods Frameworks */,
				42D476D175CFCFCB517664A4 /* [CP] Copy Pods Resources */,
				9FBE38FA204D69310039DEDE /* Embed App Extensions */,
			);
			buildRules = (
			);
			dependencies = (
				9FBE38F5204D69310039DEDE /* PBXTargetDependency */,
			);
			name = ThaiTechEventsCalendar;
			productName = ThaiTechEventsCalendar;
			productReference = 9FFAF9D320410337000A99FE /* ThaiTechEventsCalendar.app */;
			productType = "com.apple.product-type.application";
		};
		9FFAF9E620410338000A99FE /* ThaiTechEventsCalendarTests */ = {
			isa = PBXNativeTarget;
			buildConfigurationList = 9FFAF9FE20410338000A99FE /* Build configuration list for PBXNativeTarget "ThaiTechEventsCalendarTests" */;
			buildPhases = (
				0E275824DE41DC720B2A165D /* [CP] Check Pods Manifest.lock */,
				9FFAF9E320410338000A99FE /* Sources */,
				9FFAF9E420410338000A99FE /* Frameworks */,
				9FFAF9E520410338000A99FE /* Resources */,
				6AB3BEFE256F114FE0FA9227 /* [CP] Embed Pods Frameworks */,
				5B5774807351BD5465D51C3E /* [CP] Copy Pods Resources */,
			);
			buildRules = (
			);
			dependencies = (
				9FFAF9E920410338000A99FE /* PBXTargetDependency */,
			);
			name = ThaiTechEventsCalendarTests;
			productName = ThaiTechEventsCalendarTests;
			productReference = 9FFAF9E720410338000A99FE /* ThaiTechEventsCalendarTests.xctest */;
			productType = "com.apple.product-type.bundle.unit-test";
		};
		9FFAF9F120410338000A99FE /* ThaiTechEventsCalendarUITests */ = {
			isa = PBXNativeTarget;
			buildConfigurationList = 9FFAFA0120410338000A99FE /* Build configuration list for PBXNativeTarget "ThaiTechEventsCalendarUITests" */;
			buildPhases = (
				721985D180CBB23CB695E3C2 /* [CP] Check Pods Manifest.lock */,
				9FFAF9EE20410338000A99FE /* Sources */,
				9FFAF9EF20410338000A99FE /* Frameworks */,
				9FFAF9F020410338000A99FE /* Resources */,
				821FD4BBA16DFB8AE6A57BB2 /* [CP] Embed Pods Frameworks */,
				EEA401240077487086030759 /* [CP] Copy Pods Resources */,
			);
			buildRules = (
			);
			dependencies = (
				9FFAF9F420410338000A99FE /* PBXTargetDependency */,
			);
			name = ThaiTechEventsCalendarUITests;
			productName = ThaiTechEventsCalendarUITests;
			productReference = 9FFAF9F220410338000A99FE /* ThaiTechEventsCalendarUITests.xctest */;
			productType = "com.apple.product-type.bundle.ui-testing";
		};
/* End PBXNativeTarget section */

/* Begin PBXProject section */
		9FFAF9CB20410337000A99FE /* Project object */ = {
			isa = PBXProject;
			attributes = {
				LastSwiftUpdateCheck = 0920;
				LastUpgradeCheck = 0930;
				ORGANIZATIONNAME = WM;
				TargetAttributes = {
					9FBE38E9204D69310039DEDE = {
						CreatedOnToolsVersion = 9.2;
						ProvisioningStyle = Automatic;
						SystemCapabilities = {
							com.apple.ApplicationGroups.iOS = {
								enabled = 1;
							};
						};
					};
					9FFAF9D220410337000A99FE = {
						CreatedOnToolsVersion = 9.2;
						ProvisioningStyle = Automatic;
						SystemCapabilities = {
							com.apple.ApplicationGroups.iOS = {
								enabled = 1;
							};
							com.apple.Push = {
								enabled = 1;
							};
							com.apple.Siri = {
								enabled = 0;
							};
						};
					};
					9FFAF9E620410338000A99FE = {
						CreatedOnToolsVersion = 9.2;
						ProvisioningStyle = Automatic;
						TestTargetID = 9FFAF9D220410337000A99FE;
					};
					9FFAF9F120410338000A99FE = {
						CreatedOnToolsVersion = 9.2;
						ProvisioningStyle = Automatic;
						TestTargetID = 9FFAF9D220410337000A99FE;
					};
				};
			};
			buildConfigurationList = 9FFAF9CE20410337000A99FE /* Build configuration list for PBXProject "ThaiTechEventsCalendar" */;
			compatibilityVersion = "Xcode 8.0";
			developmentRegion = en;
			hasScannedForEncodings = 0;
			knownRegions = (
				en,
				Base,
			);
			mainGroup = 9FFAF9CA20410337000A99FE;
			productRefGroup = 9FFAF9D420410337000A99FE /* Products */;
			projectDirPath = "";
			projectRoot = "";
			targets = (
				9FFAF9D220410337000A99FE /* ThaiTechEventsCalendar */,
				9FFAF9E620410338000A99FE /* ThaiTechEventsCalendarTests */,
				9FFAF9F120410338000A99FE /* ThaiTechEventsCalendarUITests */,
				9FBE38E9204D69310039DEDE /* TT Widget */,
			);
		};
/* End PBXProject section */

/* Begin PBXResourcesBuildPhase section */
		9FBE38E8204D69310039DEDE /* Resources */ = {
			isa = PBXResourcesBuildPhase;
			buildActionMask = 2147483647;
			files = (
				9FBE38F2204D69310039DEDE /* MainInterface.storyboard in Resources */,
			);
			runOnlyForDeploymentPostprocessing = 0;
		};
		9FFAF9D120410337000A99FE /* Resources */ = {
			isa = PBXResourcesBuildPhase;
			buildActionMask = 2147483647;
			files = (
				9FBE38E5204C1DC00039DEDE /* Calendar.storyboard in Resources */,
				9FBE38E4204C1B910039DEDE /* Search.storyboard in Resources */,
				9F4CD0942041B52000528E66 /* EventTableViewCell.xib in Resources */,
				9FFAF9E120410338000A99FE /* LaunchScreen.storyboard in Resources */,
				9FF541D02047D45800659A0B /* EventDetail.storyboard in Resources */,
				9FFAF9DE20410338000A99FE /* Assets.xcassets in Resources */,
				9FFAF9DC20410338000A99FE /* Main.storyboard in Resources */,
				9F4E83BB2041074100CFE046 /* calendar.json in Resources */,
				9F37F6842045B33A00BC26CB /* GoogleService-Info.plist in Resources */,
				9FAA2F8720470CC70054CCAD /* Settings.storyboard in Resources */,
			);
			runOnlyForDeploymentPostprocessing = 0;
		};
		9FFAF9E520410338000A99FE /* Resources */ = {
			isa = PBXResourcesBuildPhase;
			buildActionMask = 2147483647;
			files = (
				9F4E83BC2041074100CFE046 /* calendar.json in Resources */,
			);
			runOnlyForDeploymentPostprocessing = 0;
		};
		9FFAF9F020410338000A99FE /* Resources */ = {
			isa = PBXResourcesBuildPhase;
			buildActionMask = 2147483647;
			files = (
				9F4CD0D32042E72000528E66 /* calendar.json in Resources */,
			);
			runOnlyForDeploymentPostprocessing = 0;
		};
/* End PBXResourcesBuildPhase section */

/* Begin PBXShellScriptBuildPhase section */
		0E275824DE41DC720B2A165D /* [CP] Check Pods Manifest.lock */ = {
			isa = PBXShellScriptBuildPhase;
			buildActionMask = 2147483647;
			files = (
			);
			inputPaths = (
				"${PODS_PODFILE_DIR_PATH}/Podfile.lock",
				"${PODS_ROOT}/Manifest.lock",
			);
			name = "[CP] Check Pods Manifest.lock";
			outputPaths = (
				"$(DERIVED_FILE_DIR)/Pods-ThaiTechEventsCalendarTests-checkManifestLockResult.txt",
			);
			runOnlyForDeploymentPostprocessing = 0;
			shellPath = /bin/sh;
			shellScript = "diff \"${PODS_PODFILE_DIR_PATH}/Podfile.lock\" \"${PODS_ROOT}/Manifest.lock\" > /dev/null\nif [ $? != 0 ] ; then\n    # print error to STDERR\n    echo \"error: The sandbox is not in sync with the Podfile.lock. Run 'pod install' or update your CocoaPods installation.\" >&2\n    exit 1\nfi\n# This output is used by Xcode 'outputs' to avoid re-running this script phase.\necho \"SUCCESS\" > \"${SCRIPT_OUTPUT_FILE_0}\"\n";
			showEnvVarsInLog = 0;
		};
		42D476D175CFCFCB517664A4 /* [CP] Copy Pods Resources */ = {
			isa = PBXShellScriptBuildPhase;
			buildActionMask = 2147483647;
			files = (
			);
			inputPaths = (
			);
			name = "[CP] Copy Pods Resources";
			outputPaths = (
			);
			runOnlyForDeploymentPostprocessing = 0;
			shellPath = /bin/sh;
			shellScript = "\"${SRCROOT}/Pods/Target Support Files/Pods-ThaiTechEventsCalendar/Pods-ThaiTechEventsCalendar-resources.sh\"\n";
			showEnvVarsInLog = 0;
		};
		5B5774807351BD5465D51C3E /* [CP] Copy Pods Resources */ = {
			isa = PBXShellScriptBuildPhase;
			buildActionMask = 2147483647;
			files = (
			);
			inputPaths = (
			);
			name = "[CP] Copy Pods Resources";
			outputPaths = (
			);
			runOnlyForDeploymentPostprocessing = 0;
			shellPath = /bin/sh;
			shellScript = "\"${SRCROOT}/Pods/Target Support Files/Pods-ThaiTechEventsCalendarTests/Pods-ThaiTechEventsCalendarTests-resources.sh\"\n";
			showEnvVarsInLog = 0;
		};
		6AB3BEFE256F114FE0FA9227 /* [CP] Embed Pods Frameworks */ = {
			isa = PBXShellScriptBuildPhase;
			buildActionMask = 2147483647;
			files = (
			);
			inputPaths = (
			);
			name = "[CP] Embed Pods Frameworks";
			outputPaths = (
			);
			runOnlyForDeploymentPostprocessing = 0;
			shellPath = /bin/sh;
			shellScript = "\"${SRCROOT}/Pods/Target Support Files/Pods-ThaiTechEventsCalendarTests/Pods-ThaiTechEventsCalendarTests-frameworks.sh\"\n";
			showEnvVarsInLog = 0;
		};
		701D202689BF42374174EC55 /* [CP] Check Pods Manifest.lock */ = {
			isa = PBXShellScriptBuildPhase;
			buildActionMask = 2147483647;
			files = (
			);
			inputPaths = (
				"${PODS_PODFILE_DIR_PATH}/Podfile.lock",
				"${PODS_ROOT}/Manifest.lock",
			);
			name = "[CP] Check Pods Manifest.lock";
			outputPaths = (
				"$(DERIVED_FILE_DIR)/Pods-ThaiTechEventsCalendar-checkManifestLockResult.txt",
			);
			runOnlyForDeploymentPostprocessing = 0;
			shellPath = /bin/sh;
			shellScript = "diff \"${PODS_PODFILE_DIR_PATH}/Podfile.lock\" \"${PODS_ROOT}/Manifest.lock\" > /dev/null\nif [ $? != 0 ] ; then\n    # print error to STDERR\n    echo \"error: The sandbox is not in sync with the Podfile.lock. Run 'pod install' or update your CocoaPods installation.\" >&2\n    exit 1\nfi\n# This output is used by Xcode 'outputs' to avoid re-running this script phase.\necho \"SUCCESS\" > \"${SCRIPT_OUTPUT_FILE_0}\"\n";
			showEnvVarsInLog = 0;
		};
		721985D180CBB23CB695E3C2 /* [CP] Check Pods Manifest.lock */ = {
			isa = PBXShellScriptBuildPhase;
			buildActionMask = 2147483647;
			files = (
			);
			inputPaths = (
				"${PODS_PODFILE_DIR_PATH}/Podfile.lock",
				"${PODS_ROOT}/Manifest.lock",
			);
			name = "[CP] Check Pods Manifest.lock";
			outputPaths = (
				"$(DERIVED_FILE_DIR)/Pods-ThaiTechEventsCalendarUITests-checkManifestLockResult.txt",
			);
			runOnlyForDeploymentPostprocessing = 0;
			shellPath = /bin/sh;
			shellScript = "diff \"${PODS_PODFILE_DIR_PATH}/Podfile.lock\" \"${PODS_ROOT}/Manifest.lock\" > /dev/null\nif [ $? != 0 ] ; then\n    # print error to STDERR\n    echo \"error: The sandbox is not in sync with the Podfile.lock. Run 'pod install' or update your CocoaPods installation.\" >&2\n    exit 1\nfi\n# This output is used by Xcode 'outputs' to avoid re-running this script phase.\necho \"SUCCESS\" > \"${SCRIPT_OUTPUT_FILE_0}\"\n";
			showEnvVarsInLog = 0;
		};
		821FD4BBA16DFB8AE6A57BB2 /* [CP] Embed Pods Frameworks */ = {
			isa = PBXShellScriptBuildPhase;
			buildActionMask = 2147483647;
			files = (
			);
			inputPaths = (
			);
			name = "[CP] Embed Pods Frameworks";
			outputPaths = (
			);
			runOnlyForDeploymentPostprocessing = 0;
			shellPath = /bin/sh;
			shellScript = "\"${SRCROOT}/Pods/Target Support Files/Pods-ThaiTechEventsCalendarUITests/Pods-ThaiTechEventsCalendarUITests-frameworks.sh\"\n";
			showEnvVarsInLog = 0;
		};
		9F37F6862045B47400BC26CB /* FabricRun */ = {
			isa = PBXShellScriptBuildPhase;
			buildActionMask = 2147483647;
			files = (
			);
			inputPaths = (
			);
			name = FabricRun;
			outputPaths = (
			);
			runOnlyForDeploymentPostprocessing = 0;
			shellPath = /bin/sh;
			shellScript = "\"${PODS_ROOT}/Fabric/run\"";
		};
		9FB86CC3204126120090803F /* SwiftLint */ = {
			isa = PBXShellScriptBuildPhase;
			buildActionMask = 2147483647;
			files = (
			);
			inputPaths = (
			);
			name = SwiftLint;
			outputPaths = (
			);
			runOnlyForDeploymentPostprocessing = 0;
			shellPath = /bin/sh;
			shellScript = "swiftlint autocorrect\n\"${PODS_ROOT}/SwiftLint/swiftlint\"";
		};
		BB4C91F3982BA3419B8E222C /* [CP] Check Pods Manifest.lock */ = {
			isa = PBXShellScriptBuildPhase;
			buildActionMask = 2147483647;
			files = (
			);
			inputPaths = (
				"${PODS_PODFILE_DIR_PATH}/Podfile.lock",
				"${PODS_ROOT}/Manifest.lock",
			);
			name = "[CP] Check Pods Manifest.lock";
			outputPaths = (
				"$(DERIVED_FILE_DIR)/Pods-TT Widget-checkManifestLockResult.txt",
			);
			runOnlyForDeploymentPostprocessing = 0;
			shellPath = /bin/sh;
			shellScript = "diff \"${PODS_PODFILE_DIR_PATH}/Podfile.lock\" \"${PODS_ROOT}/Manifest.lock\" > /dev/null\nif [ $? != 0 ] ; then\n    # print error to STDERR\n    echo \"error: The sandbox is not in sync with the Podfile.lock. Run 'pod install' or update your CocoaPods installation.\" >&2\n    exit 1\nfi\n# This output is used by Xcode 'outputs' to avoid re-running this script phase.\necho \"SUCCESS\" > \"${SCRIPT_OUTPUT_FILE_0}\"\n";
			showEnvVarsInLog = 0;
		};
		C3529D69B1B119A181E46979 /* [CP] Embed Pods Frameworks */ = {
			isa = PBXShellScriptBuildPhase;
			buildActionMask = 2147483647;
			files = (
			);
			inputPaths = (
				"${SRCROOT}/Pods/Target Support Files/Pods-ThaiTechEventsCalendar/Pods-ThaiTechEventsCalendar-frameworks.sh",
				"${BUILT_PRODUCTS_DIR}/Alamofire/Alamofire.framework",
				"${BUILT_PRODUCTS_DIR}/Alamofire-SwiftyJSON/Alamofire_SwiftyJSON.framework",
				"${BUILT_PRODUCTS_DIR}/AutoInsetter/AutoInsetter.framework",
				"${BUILT_PRODUCTS_DIR}/CVCalendar/CVCalendar.framework",
				"${BUILT_PRODUCTS_DIR}/DeckTransition/DeckTransition.framework",
				"${BUILT_PRODUCTS_DIR}/GoogleToolboxForMac/GoogleToolboxForMac.framework",
				"${BUILT_PRODUCTS_DIR}/Pageboy/Pageboy.framework",
				"${BUILT_PRODUCTS_DIR}/Realm/Realm.framework",
				"${BUILT_PRODUCTS_DIR}/RealmSwift/RealmSwift.framework",
				"${BUILT_PRODUCTS_DIR}/SwiftyJSON/SwiftyJSON.framework",
				"${BUILT_PRODUCTS_DIR}/Tabman/Tabman.framework",
				"${BUILT_PRODUCTS_DIR}/TagListView/TagListView.framework",
				"${BUILT_PRODUCTS_DIR}/markymark/markymark.framework",
				"${BUILT_PRODUCTS_DIR}/nanopb/nanopb.framework",
			);
			name = "[CP] Embed Pods Frameworks";
			outputPaths = (
				"${TARGET_BUILD_DIR}/${FRAMEWORKS_FOLDER_PATH}/Alamofire.framework",
				"${TARGET_BUILD_DIR}/${FRAMEWORKS_FOLDER_PATH}/Alamofire_SwiftyJSON.framework",
				"${TARGET_BUILD_DIR}/${FRAMEWORKS_FOLDER_PATH}/AutoInsetter.framework",
				"${TARGET_BUILD_DIR}/${FRAMEWORKS_FOLDER_PATH}/CVCalendar.framework",
				"${TARGET_BUILD_DIR}/${FRAMEWORKS_FOLDER_PATH}/DeckTransition.framework",
				"${TARGET_BUILD_DIR}/${FRAMEWORKS_FOLDER_PATH}/GoogleToolboxForMac.framework",
				"${TARGET_BUILD_DIR}/${FRAMEWORKS_FOLDER_PATH}/Pageboy.framework",
				"${TARGET_BUILD_DIR}/${FRAMEWORKS_FOLDER_PATH}/Realm.framework",
				"${TARGET_BUILD_DIR}/${FRAMEWORKS_FOLDER_PATH}/RealmSwift.framework",
				"${TARGET_BUILD_DIR}/${FRAMEWORKS_FOLDER_PATH}/SwiftyJSON.framework",
				"${TARGET_BUILD_DIR}/${FRAMEWORKS_FOLDER_PATH}/Tabman.framework",
				"${TARGET_BUILD_DIR}/${FRAMEWORKS_FOLDER_PATH}/TagListView.framework",
				"${TARGET_BUILD_DIR}/${FRAMEWORKS_FOLDER_PATH}/markymark.framework",
				"${TARGET_BUILD_DIR}/${FRAMEWORKS_FOLDER_PATH}/nanopb.framework",
			);
			runOnlyForDeploymentPostprocessing = 0;
			shellPath = /bin/sh;
			shellScript = "\"${SRCROOT}/Pods/Target Support Files/Pods-ThaiTechEventsCalendar/Pods-ThaiTechEventsCalendar-frameworks.sh\"\n";
			showEnvVarsInLog = 0;
		};
		EEA401240077487086030759 /* [CP] Copy Pods Resources */ = {
			isa = PBXShellScriptBuildPhase;
			buildActionMask = 2147483647;
			files = (
			);
			inputPaths = (
			);
			name = "[CP] Copy Pods Resources";
			outputPaths = (
			);
			runOnlyForDeploymentPostprocessing = 0;
			shellPath = /bin/sh;
			shellScript = "\"${SRCROOT}/Pods/Target Support Files/Pods-ThaiTechEventsCalendarUITests/Pods-ThaiTechEventsCalendarUITests-resources.sh\"\n";
			showEnvVarsInLog = 0;
		};
		FA9424260FA9F1E303B03377 /* [CP] Copy Pods Resources */ = {
			isa = PBXShellScriptBuildPhase;
			buildActionMask = 2147483647;
			files = (
			);
			inputPaths = (
			);
			name = "[CP] Copy Pods Resources";
			outputPaths = (
			);
			runOnlyForDeploymentPostprocessing = 0;
			shellPath = /bin/sh;
			shellScript = "\"${SRCROOT}/Pods/Target Support Files/Pods-TT Widget/Pods-TT Widget-resources.sh\"\n";
			showEnvVarsInLog = 0;
		};
/* End PBXShellScriptBuildPhase section */

/* Begin PBXSourcesBuildPhase section */
		9FBE38E6204D69310039DEDE /* Sources */ = {
			isa = PBXSourcesBuildPhase;
			buildActionMask = 2147483647;
			files = (
				9F855D7B204D6E6000F0C927 /* CalendarAPI.swift in Sources */,
				9F855D7C204D6E8E00F0C927 /* Event.swift in Sources */,
				9FBE38EF204D69310039DEDE /* TodayViewController.swift in Sources */,
			);
			runOnlyForDeploymentPostprocessing = 0;
		};
		9FFAF9CF20410337000A99FE /* Sources */ = {
			isa = PBXSourcesBuildPhase;
			buildActionMask = 2147483647;
			files = (
				9F4CD08A204172AE00528E66 /* EventDetailViewController.swift in Sources */,
				E9A7B5E3204540CD002345B7 /* NSAttributedStringExtensions.swift in Sources */,
				9F41E9042047F37B00F5AAD3 /* CalendarViewController.swift in Sources */,
				9F4CD08C20417D5D00528E66 /* DetailTableViewCell.swift in Sources */,
				9FAA2F8520470C7B0054CCAD /* SettingViewController.swift in Sources */,
				9F4CD0A52042881A00528E66 /* CalendarAPI.swift in Sources */,
				9F4CD08E20419D2200528E66 /* ColorUtils.swift in Sources */,
				9F4CD09920425BE600528E66 /* Updatable.swift in Sources */,
				9F4CD0902041A80600528E66 /* SummaryTableViewCell.swift in Sources */,
				9F0BC95B20412C2600568153 /* EventFeedViewController.swift in Sources */,
				9F4CD0962042563100528E66 /* EventHeaderTableViewCell.swift in Sources */,
				9F1C8D5D20415AE10016E72E /* DateUtils.swift in Sources */,
				9FBE38E2204C17A00039DEDE /* SearchViewController.swift in Sources */,
				9F4E83BF2041255A00CFE046 /* Event.swift in Sources */,
				9F4CD0932041B52000528E66 /* EventTableViewCell.swift in Sources */,
				9FFAF9D720410338000A99FE /* AppDelegate.swift in Sources */,
				9F4CD0A020426B5A00528E66 /* EventTabViewController.swift in Sources */,
				9F4CD09B20425EC900528E66 /* LinkTableViewCell.swift in Sources */,
			);
			runOnlyForDeploymentPostprocessing = 0;
		};
		9FFAF9E320410338000A99FE /* Sources */ = {
			isa = PBXSourcesBuildPhase;
			buildActionMask = 2147483647;
			files = (
				9F4CD0D22042E33E00528E66 /* CalendarAPITests.swift in Sources */,
				E935F3C420455B8B0087638A /* NSAttributedStringExtensionsTests.swift in Sources */,
				9FFAF9EC20410338000A99FE /* ThaiTechEventsCalendarTests.swift in Sources */,
				9F984D182042F08600B7BC7B /* DateUtilsTests.swift in Sources */,
			);
			runOnlyForDeploymentPostprocessing = 0;
		};
		9FFAF9EE20410338000A99FE /* Sources */ = {
			isa = PBXSourcesBuildPhase;
			buildActionMask = 2147483647;
			files = (
				9FFAF9F720410338000A99FE /* EventFeedViewControllerTests.swift in Sources */,
				9F5DBCDB20483C8200D85E62 /* TabbarControllerTests.swift in Sources */,
				9F6059702042F62A00048638 /* EventTabViewControllerTests.swift in Sources */,
				9FAA2F8D2047C1580054CCAD /* EventDetailViewControllerTests.swift in Sources */,
				9F37F6882045BA0A00BC26CB /* SnapshotHelper.swift in Sources */,
			);
			runOnlyForDeploymentPostprocessing = 0;
		};
/* End PBXSourcesBuildPhase section */

/* Begin PBXTargetDependency section */
		9FBE38F5204D69310039DEDE /* PBXTargetDependency */ = {
			isa = PBXTargetDependency;
			target = 9FBE38E9204D69310039DEDE /* TT Widget */;
			targetProxy = 9FBE38F4204D69310039DEDE /* PBXContainerItemProxy */;
		};
		9FFAF9E920410338000A99FE /* PBXTargetDependency */ = {
			isa = PBXTargetDependency;
			target = 9FFAF9D220410337000A99FE /* ThaiTechEventsCalendar */;
			targetProxy = 9FFAF9E820410338000A99FE /* PBXContainerItemProxy */;
		};
		9FFAF9F420410338000A99FE /* PBXTargetDependency */ = {
			isa = PBXTargetDependency;
			target = 9FFAF9D220410337000A99FE /* ThaiTechEventsCalendar */;
			targetProxy = 9FFAF9F320410338000A99FE /* PBXContainerItemProxy */;
		};
/* End PBXTargetDependency section */

/* Begin PBXVariantGroup section */
		9FBE38F0204D69310039DEDE /* MainInterface.storyboard */ = {
			isa = PBXVariantGroup;
			children = (
				9FBE38F1204D69310039DEDE /* Base */,
			);
			name = MainInterface.storyboard;
			sourceTree = "<group>";
		};
		9FFAF9DA20410338000A99FE /* Main.storyboard */ = {
			isa = PBXVariantGroup;
			children = (
				9FFAF9DB20410338000A99FE /* Base */,
			);
			name = Main.storyboard;
			sourceTree = "<group>";
		};
		9FFAF9DF20410338000A99FE /* LaunchScreen.storyboard */ = {
			isa = PBXVariantGroup;
			children = (
				9FFAF9E020410338000A99FE /* Base */,
			);
			name = LaunchScreen.storyboard;
			sourceTree = "<group>";
		};
/* End PBXVariantGroup section */

/* Begin XCBuildConfiguration section */
		9FBE38F8204D69310039DEDE /* Debug */ = {
			isa = XCBuildConfiguration;
			baseConfigurationReference = E105D6ED5D11EEF1887E5213 /* Pods-TT Widget.debug.xcconfig */;
			buildSettings = {
				APPLICATION_EXTENSION_API_ONLY = NO;
				CODE_SIGN_ENTITLEMENTS = "TT Widget/TT Widget.entitlements";
				CODE_SIGN_STYLE = Automatic;
				DEVELOPMENT_TEAM = PRXSGPVD4P;
				INFOPLIST_FILE = "TT Widget/Info.plist";
				IPHONEOS_DEPLOYMENT_TARGET = 10.0;
				LD_RUNPATH_SEARCH_PATHS = "$(inherited) @executable_path/Frameworks @executable_path/../../Frameworks";
				PRODUCT_BUNDLE_IDENTIFIER = "com.octto.ThaiTechEventsCalendar.TT-Widget";
				PRODUCT_NAME = "$(TARGET_NAME)";
				SKIP_INSTALL = YES;
				SWIFT_VERSION = 4.0;
				TARGETED_DEVICE_FAMILY = "1,2";
			};
			name = Debug;
		};
		9FBE38F9204D69310039DEDE /* Release */ = {
			isa = XCBuildConfiguration;
			baseConfigurationReference = 989E7C4A92DDEC70F4E8C190 /* Pods-TT Widget.release.xcconfig */;
			buildSettings = {
				APPLICATION_EXTENSION_API_ONLY = NO;
				CODE_SIGN_ENTITLEMENTS = "TT Widget/TT Widget.entitlements";
				CODE_SIGN_STYLE = Automatic;
				DEVELOPMENT_TEAM = PRXSGPVD4P;
				INFOPLIST_FILE = "TT Widget/Info.plist";
				IPHONEOS_DEPLOYMENT_TARGET = 10.0;
				LD_RUNPATH_SEARCH_PATHS = "$(inherited) @executable_path/Frameworks @executable_path/../../Frameworks";
				PRODUCT_BUNDLE_IDENTIFIER = "com.octto.ThaiTechEventsCalendar.TT-Widget";
				PRODUCT_NAME = "$(TARGET_NAME)";
				SKIP_INSTALL = YES;
				SWIFT_VERSION = 4.0;
				TARGETED_DEVICE_FAMILY = "1,2";
			};
			name = Release;
		};
		9FFAF9F920410338000A99FE /* Debug */ = {
			isa = XCBuildConfiguration;
			buildSettings = {
				ALWAYS_SEARCH_USER_PATHS = NO;
				CLANG_ANALYZER_NONNULL = YES;
				CLANG_ANALYZER_NUMBER_OBJECT_CONVERSION = YES_AGGRESSIVE;
				CLANG_CXX_LANGUAGE_STANDARD = "gnu++14";
				CLANG_CXX_LIBRARY = "libc++";
				CLANG_ENABLE_MODULES = YES;
				CLANG_ENABLE_OBJC_ARC = YES;
				CLANG_WARN_BLOCK_CAPTURE_AUTORELEASING = YES;
				CLANG_WARN_BOOL_CONVERSION = YES;
				CLANG_WARN_COMMA = YES;
				CLANG_WARN_CONSTANT_CONVERSION = YES;
				CLANG_WARN_DEPRECATED_OBJC_IMPLEMENTATIONS = YES;
				CLANG_WARN_DIRECT_OBJC_ISA_USAGE = YES_ERROR;
				CLANG_WARN_DOCUMENTATION_COMMENTS = YES;
				CLANG_WARN_EMPTY_BODY = YES;
				CLANG_WARN_ENUM_CONVERSION = YES;
				CLANG_WARN_INFINITE_RECURSION = YES;
				CLANG_WARN_INT_CONVERSION = YES;
				CLANG_WARN_NON_LITERAL_NULL_CONVERSION = YES;
				CLANG_WARN_OBJC_IMPLICIT_RETAIN_SELF = YES;
				CLANG_WARN_OBJC_LITERAL_CONVERSION = YES;
				CLANG_WARN_OBJC_ROOT_CLASS = YES_ERROR;
				CLANG_WARN_RANGE_LOOP_ANALYSIS = YES;
				CLANG_WARN_STRICT_PROTOTYPES = YES;
				CLANG_WARN_SUSPICIOUS_MOVE = YES;
				CLANG_WARN_UNGUARDED_AVAILABILITY = YES_AGGRESSIVE;
				CLANG_WARN_UNREACHABLE_CODE = YES;
				CLANG_WARN__DUPLICATE_METHOD_MATCH = YES;
				CODE_SIGN_IDENTITY = "iPhone Developer";
				COPY_PHASE_STRIP = NO;
				DEBUG_INFORMATION_FORMAT = dwarf;
				ENABLE_STRICT_OBJC_MSGSEND = YES;
				ENABLE_TESTABILITY = YES;
				GCC_C_LANGUAGE_STANDARD = gnu11;
				GCC_DYNAMIC_NO_PIC = NO;
				GCC_NO_COMMON_BLOCKS = YES;
				GCC_OPTIMIZATION_LEVEL = 0;
				GCC_PREPROCESSOR_DEFINITIONS = (
					"DEBUG=1",
					"$(inherited)",
				);
				GCC_WARN_64_TO_32_BIT_CONVERSION = YES;
				GCC_WARN_ABOUT_RETURN_TYPE = YES_ERROR;
				GCC_WARN_UNDECLARED_SELECTOR = YES;
				GCC_WARN_UNINITIALIZED_AUTOS = YES_AGGRESSIVE;
				GCC_WARN_UNUSED_FUNCTION = YES;
				GCC_WARN_UNUSED_VARIABLE = YES;
				IPHONEOS_DEPLOYMENT_TARGET = 11.2;
				MTL_ENABLE_DEBUG_INFO = YES;
				ONLY_ACTIVE_ARCH = YES;
				SDKROOT = iphoneos;
				SWIFT_ACTIVE_COMPILATION_CONDITIONS = DEBUG;
				SWIFT_OPTIMIZATION_LEVEL = "-Onone";
			};
			name = Debug;
		};
		9FFAF9FA20410338000A99FE /* Release */ = {
			isa = XCBuildConfiguration;
			buildSettings = {
				ALWAYS_SEARCH_USER_PATHS = NO;
				CLANG_ANALYZER_NONNULL = YES;
				CLANG_ANALYZER_NUMBER_OBJECT_CONVERSION = YES_AGGRESSIVE;
				CLANG_CXX_LANGUAGE_STANDARD = "gnu++14";
				CLANG_CXX_LIBRARY = "libc++";
				CLANG_ENABLE_MODULES = YES;
				CLANG_ENABLE_OBJC_ARC = YES;
				CLANG_WARN_BLOCK_CAPTURE_AUTORELEASING = YES;
				CLANG_WARN_BOOL_CONVERSION = YES;
				CLANG_WARN_COMMA = YES;
				CLANG_WARN_CONSTANT_CONVERSION = YES;
				CLANG_WARN_DEPRECATED_OBJC_IMPLEMENTATIONS = YES;
				CLANG_WARN_DIRECT_OBJC_ISA_USAGE = YES_ERROR;
				CLANG_WARN_DOCUMENTATION_COMMENTS = YES;
				CLANG_WARN_EMPTY_BODY = YES;
				CLANG_WARN_ENUM_CONVERSION = YES;
				CLANG_WARN_INFINITE_RECURSION = YES;
				CLANG_WARN_INT_CONVERSION = YES;
				CLANG_WARN_NON_LITERAL_NULL_CONVERSION = YES;
				CLANG_WARN_OBJC_IMPLICIT_RETAIN_SELF = YES;
				CLANG_WARN_OBJC_LITERAL_CONVERSION = YES;
				CLANG_WARN_OBJC_ROOT_CLASS = YES_ERROR;
				CLANG_WARN_RANGE_LOOP_ANALYSIS = YES;
				CLANG_WARN_STRICT_PROTOTYPES = YES;
				CLANG_WARN_SUSPICIOUS_MOVE = YES;
				CLANG_WARN_UNGUARDED_AVAILABILITY = YES_AGGRESSIVE;
				CLANG_WARN_UNREACHABLE_CODE = YES;
				CLANG_WARN__DUPLICATE_METHOD_MATCH = YES;
				CODE_SIGN_IDENTITY = "iPhone Developer";
				COPY_PHASE_STRIP = NO;
				DEBUG_INFORMATION_FORMAT = "dwarf-with-dsym";
				ENABLE_NS_ASSERTIONS = NO;
				ENABLE_STRICT_OBJC_MSGSEND = YES;
				GCC_C_LANGUAGE_STANDARD = gnu11;
				GCC_NO_COMMON_BLOCKS = YES;
				GCC_WARN_64_TO_32_BIT_CONVERSION = YES;
				GCC_WARN_ABOUT_RETURN_TYPE = YES_ERROR;
				GCC_WARN_UNDECLARED_SELECTOR = YES;
				GCC_WARN_UNINITIALIZED_AUTOS = YES_AGGRESSIVE;
				GCC_WARN_UNUSED_FUNCTION = YES;
				GCC_WARN_UNUSED_VARIABLE = YES;
				IPHONEOS_DEPLOYMENT_TARGET = 11.2;
				MTL_ENABLE_DEBUG_INFO = NO;
				SDKROOT = iphoneos;
				SWIFT_OPTIMIZATION_LEVEL = "-Owholemodule";
				VALIDATE_PRODUCT = YES;
			};
			name = Release;
		};
		9FFAF9FC20410338000A99FE /* Debug */ = {
			isa = XCBuildConfiguration;
			baseConfigurationReference = 986ABCB2BBC6BC4FA275EE68 /* Pods-ThaiTechEventsCalendar.debug.xcconfig */;
			buildSettings = {
				ALWAYS_EMBED_SWIFT_STANDARD_LIBRARIES = YES;
				APPLICATION_EXTENSION_API_ONLY = NO;
				ASSETCATALOG_COMPILER_APPICON_NAME = AppIcon;
				CODE_SIGN_ENTITLEMENTS = ThaiTechEventsCalendar/ThaiTechEventsCalendar.entitlements;
				CODE_SIGN_STYLE = Automatic;
				DEVELOPMENT_TEAM = PRXSGPVD4P;
				INFOPLIST_FILE = ThaiTechEventsCalendar/Info.plist;
				IPHONEOS_DEPLOYMENT_TARGET = 10.0;
				LD_RUNPATH_SEARCH_PATHS = "$(inherited) @executable_path/Frameworks";
				PRODUCT_BUNDLE_IDENTIFIER = com.octto.ThaiTechEventsCalendar;
				PRODUCT_NAME = "$(TARGET_NAME)";
				SWIFT_VERSION = 4.0;
				TARGETED_DEVICE_FAMILY = "1,2";
			};
			name = Debug;
		};
		9FFAF9FD20410338000A99FE /* Release */ = {
			isa = XCBuildConfiguration;
			baseConfigurationReference = 63621FA63788ABDBFE5F4EA5 /* Pods-ThaiTechEventsCalendar.release.xcconfig */;
			buildSettings = {
				ALWAYS_EMBED_SWIFT_STANDARD_LIBRARIES = YES;
				APPLICATION_EXTENSION_API_ONLY = NO;
				ASSETCATALOG_COMPILER_APPICON_NAME = AppIcon;
				CODE_SIGN_ENTITLEMENTS = ThaiTechEventsCalendar/ThaiTechEventsCalendar.entitlements;
				CODE_SIGN_STYLE = Automatic;
				DEVELOPMENT_TEAM = PRXSGPVD4P;
				INFOPLIST_FILE = ThaiTechEventsCalendar/Info.plist;
				IPHONEOS_DEPLOYMENT_TARGET = 10.0;
				LD_RUNPATH_SEARCH_PATHS = "$(inherited) @executable_path/Frameworks";
				PRODUCT_BUNDLE_IDENTIFIER = com.octto.ThaiTechEventsCalendar;
				PRODUCT_NAME = "$(TARGET_NAME)";
				SWIFT_VERSION = 4.0;
				TARGETED_DEVICE_FAMILY = "1,2";
			};
			name = Release;
		};
		9FFAF9FF20410338000A99FE /* Debug */ = {
			isa = XCBuildConfiguration;
			baseConfigurationReference = 379B0BE05E83DEB6CB62E1F6 /* Pods-ThaiTechEventsCalendarTests.debug.xcconfig */;
			buildSettings = {
				ALWAYS_EMBED_SWIFT_STANDARD_LIBRARIES = YES;
				BUNDLE_LOADER = "$(TEST_HOST)";
				CODE_SIGN_STYLE = Automatic;
				DEVELOPMENT_TEAM = PRXSGPVD4P;
				INFOPLIST_FILE = ThaiTechEventsCalendarTests/Info.plist;
				LD_RUNPATH_SEARCH_PATHS = "$(inherited) @executable_path/Frameworks @loader_path/Frameworks";
				PRODUCT_BUNDLE_IDENTIFIER = com.octto.ThaiTechEventsCalendarTests;
				PRODUCT_NAME = "$(TARGET_NAME)";
				SWIFT_VERSION = 4.0;
				TARGETED_DEVICE_FAMILY = "1,2";
				TEST_HOST = "$(BUILT_PRODUCTS_DIR)/ThaiTechEventsCalendar.app/ThaiTechEventsCalendar";
			};
			name = Debug;
		};
		9FFAFA0020410338000A99FE /* Release */ = {
			isa = XCBuildConfiguration;
			baseConfigurationReference = A72A37BC968FFB57CD54E378 /* Pods-ThaiTechEventsCalendarTests.release.xcconfig */;
			buildSettings = {
				ALWAYS_EMBED_SWIFT_STANDARD_LIBRARIES = YES;
				BUNDLE_LOADER = "$(TEST_HOST)";
				CODE_SIGN_STYLE = Automatic;
				DEVELOPMENT_TEAM = PRXSGPVD4P;
				INFOPLIST_FILE = ThaiTechEventsCalendarTests/Info.plist;
				LD_RUNPATH_SEARCH_PATHS = "$(inherited) @executable_path/Frameworks @loader_path/Frameworks";
				PRODUCT_BUNDLE_IDENTIFIER = com.octto.ThaiTechEventsCalendarTests;
				PRODUCT_NAME = "$(TARGET_NAME)";
				SWIFT_VERSION = 4.0;
				TARGETED_DEVICE_FAMILY = "1,2";
				TEST_HOST = "$(BUILT_PRODUCTS_DIR)/ThaiTechEventsCalendar.app/ThaiTechEventsCalendar";
			};
			name = Release;
		};
		9FFAFA0220410338000A99FE /* Debug */ = {
			isa = XCBuildConfiguration;
			baseConfigurationReference = 125CA02BDC9B95E3646679BA /* Pods-ThaiTechEventsCalendarUITests.debug.xcconfig */;
			buildSettings = {
				ALWAYS_EMBED_SWIFT_STANDARD_LIBRARIES = YES;
				CODE_SIGN_STYLE = Automatic;
				DEVELOPMENT_TEAM = PRXSGPVD4P;
				INFOPLIST_FILE = ThaiTechEventsCalendarUITests/Info.plist;
				LD_RUNPATH_SEARCH_PATHS = "$(inherited) @executable_path/Frameworks @loader_path/Frameworks";
				PRODUCT_BUNDLE_IDENTIFIER = com.octto.ThaiTechEventsCalendarUITests;
				PRODUCT_NAME = "$(TARGET_NAME)";
				SWIFT_VERSION = 4.0;
				TARGETED_DEVICE_FAMILY = "1,2";
				TEST_TARGET_NAME = ThaiTechEventsCalendar;
			};
			name = Debug;
		};
		9FFAFA0320410338000A99FE /* Release */ = {
			isa = XCBuildConfiguration;
			baseConfigurationReference = 9D44A6EA160339593C6DDCB4 /* Pods-ThaiTechEventsCalendarUITests.release.xcconfig */;
			buildSettings = {
				ALWAYS_EMBED_SWIFT_STANDARD_LIBRARIES = YES;
				CODE_SIGN_STYLE = Automatic;
				DEVELOPMENT_TEAM = PRXSGPVD4P;
				INFOPLIST_FILE = ThaiTechEventsCalendarUITests/Info.plist;
				LD_RUNPATH_SEARCH_PATHS = "$(inherited) @executable_path/Frameworks @loader_path/Frameworks";
				PRODUCT_BUNDLE_IDENTIFIER = com.octto.ThaiTechEventsCalendarUITests;
				PRODUCT_NAME = "$(TARGET_NAME)";
				SWIFT_VERSION = 4.0;
				TARGETED_DEVICE_FAMILY = "1,2";
				TEST_TARGET_NAME = ThaiTechEventsCalendar;
			};
			name = Release;
		};
/* End XCBuildConfiguration section */

/* Begin XCConfigurationList section */
		9FBE38F7204D69310039DEDE /* Build configuration list for PBXNativeTarget "TT Widget" */ = {
			isa = XCConfigurationList;
			buildConfigurations = (
				9FBE38F8204D69310039DEDE /* Debug */,
				9FBE38F9204D69310039DEDE /* Release */,
			);
			defaultConfigurationIsVisible = 0;
			defaultConfigurationName = Release;
		};
		9FFAF9CE20410337000A99FE /* Build configuration list for PBXProject "ThaiTechEventsCalendar" */ = {
			isa = XCConfigurationList;
			buildConfigurations = (
				9FFAF9F920410338000A99FE /* Debug */,
				9FFAF9FA20410338000A99FE /* Release */,
			);
			defaultConfigurationIsVisible = 0;
			defaultConfigurationName = Release;
		};
		9FFAF9FB20410338000A99FE /* Build configuration list for PBXNativeTarget "ThaiTechEventsCalendar" */ = {
			isa = XCConfigurationList;
			buildConfigurations = (
				9FFAF9FC20410338000A99FE /* Debug */,
				9FFAF9FD20410338000A99FE /* Release */,
			);
			defaultConfigurationIsVisible = 0;
			defaultConfigurationName = Release;
		};
		9FFAF9FE20410338000A99FE /* Build configuration list for PBXNativeTarget "ThaiTechEventsCalendarTests" */ = {
			isa = XCConfigurationList;
			buildConfigurations = (
				9FFAF9FF20410338000A99FE /* Debug */,
				9FFAFA0020410338000A99FE /* Release */,
			);
			defaultConfigurationIsVisible = 0;
			defaultConfigurationName = Release;
		};
		9FFAFA0120410338000A99FE /* Build configuration list for PBXNativeTarget "ThaiTechEventsCalendarUITests" */ = {
			isa = XCConfigurationList;
			buildConfigurations = (
				9FFAFA0220410338000A99FE /* Debug */,
				9FFAFA0320410338000A99FE /* Release */,
			);
			defaultConfigurationIsVisible = 0;
			defaultConfigurationName = Release;
		};
/* End XCConfigurationList section */
	};
	rootObject = 9FFAF9CB20410337000A99FE /* Project object */;
}
